
Microsoft Visual Studio Solution File, Format Version 12.00
# Visual Studio Version 16
VisualStudioVersion = 16.0.31025.194
MinimumVisualStudioVersion = 10.0.40219.1
Project("{FAE04EC0-301F-11D3-BF4B-00C04F79EFBC}") = "ParksGamification.Android", "ParksGamification\ParksGamification.Android\ParksGamification.Android.csproj", "{3D7F71D7-7DA7-48BA-92E9-4940E41E42C4}"
EndProject
Project("{FAE04EC0-301F-11D3-BF4B-00C04F79EFBC}") = "ParksGamification", "ParksGamification\ParksGamification\ParksGamification.csproj", "{797DDB8F-FB32-428F-B007-065C0BADF80E}"
EndProject
Global
	GlobalSection(SolutionConfigurationPlatforms) = preSolution
		Debug|Any CPU = Debug|Any CPU
		Release|Any CPU = Release|Any CPU
	EndGlobalSection
	GlobalSection(ProjectConfigurationPlatforms) = postSolution
		{3D7F71D7-7DA7-48BA-92E9-4940E41E42C4}.Debug|Any CPU.ActiveCfg = Debug|Any CPU
		{3D7F71D7-7DA7-48BA-92E9-4940E41E42C4}.Debug|Any CPU.Build.0 = Debug|Any CPU
		{3D7F71D7-7DA7-48BA-92E9-4940E41E42C4}.Debug|Any CPU.Deploy.0 = Debug|Any CPU
		{3D7F71D7-7DA7-48BA-92E9-4940E41E42C4}.Release|Any CPU.ActiveCfg = Release|Any CPU
		{3D7F71D7-7DA7-48BA-92E9-4940E41E42C4}.Release|Any CPU.Build.0 = Release|Any CPU
		{3D7F71D7-7DA7-48BA-92E9-4940E41E42C4}.Release|Any CPU.Deploy.0 = Release|Any CPU
		{797DDB8F-FB32-428F-B007-065C0BADF80E}.Debug|Any CPU.ActiveCfg = Debug|Any CPU
		{797DDB8F-FB32-428F-B007-065C0BADF80E}.Debug|Any CPU.Build.0 = Debug|Any CPU
		{797DDB8F-FB32-428F-B007-065C0BADF80E}.Debug|Any CPU.Deploy.0 = Debug|Any CPU
		{797DDB8F-FB32-428F-B007-065C0BADF80E}.Release|Any CPU.ActiveCfg = Release|Any CPU
		{797DDB8F-FB32-428F-B007-065C0BADF80E}.Release|Any CPU.Build.0 = Release|Any CPU
		{797DDB8F-FB32-428F-B007-065C0BADF80E}.Release|Any CPU.Deploy.0 = Release|Any CPU
	EndGlobalSection
	GlobalSection(SolutionProperties) = preSolution
		HideSolutionNode = FALSE
	EndGlobalSection
	GlobalSection(ExtensibilityGlobals) = postSolution
		SolutionGuid = {F5634666-C9E0-403F-AF3C-B39031325DA4}
	EndGlobalSection
EndGlobal
